
Microsoft Visual Studio Solution File, Format Version 12.00
# Visual Studio 14
VisualStudioVersion = 14.0.25420.1
MinimumVisualStudioVersion = 10.0.40219.1
Project("{8BC9CEB8-8B4A-11D0-8D11-00A0C91BC942}") = "SimpleCompiler", "SimpleCompiler\SimpleCompiler.vcxproj", "{F05C01A2-D814-4B7E-A378-81B6C47DFCAD}"
EndProject
Project("{8BC9CEB8-8B4A-11D0-8D11-00A0C91BC942}") = "ComplilerLog", "ComplilerLog\ComplilerLog.vcxproj", "{928785CB-476A-4293-9BAC-14943B3C1396}"
EndProject
Project("{8BC9CEB8-8B4A-11D0-8D11-00A0C91BC942}") = "TEST", "TEST\TEST.vcxproj", "{838786F5-84AD-4833-B4C2-19D67BC157A1}"
EndProject
Project("{8BC9CEB8-8B4A-11D0-8D11-00A0C91BC942}") = "LexicalAnalysis", "LexicalAnalysis\LexicalAnalysis.vcxproj", "{869F7768-A39C-41ED-B4AE-5AF0F3FDDF6C}"
EndProject
Project("{8BC9CEB8-8B4A-11D0-8D11-00A0C91BC942}") = "SyntaxAnalysis", "SyntaxAnalysis\SyntaxAnalysis.vcxproj", "{D353319C-3B27-4CD2-BCDB-FA53F39601DC}"
EndProject
Project("{8BC9CEB8-8B4A-11D0-8D11-00A0C91BC942}") = "SynataxAnalysisTmp", "SynataxAnalysisTmp\SynataxAnalysisTmp.vcxproj", "{617A2DB6-7518-4100-88EF-02ED9429F9E5}"
EndProject
Project("{8BC9CEB8-8B4A-11D0-8D11-00A0C91BC942}") = "LSCCompiler", "LSCCompiler\LSCCompiler.vcxproj", "{9488FF4E-224C-4BC3-85DE-81F31426E099}"
EndProject
Global
	GlobalSection(SolutionConfigurationPlatforms) = preSolution
		Debug|x64 = Debug|x64
		Debug|x86 = Debug|x86
		Release|x64 = Release|x64
		Release|x86 = Release|x86
	EndGlobalSection
	GlobalSection(ProjectConfigurationPlatforms) = postSolution
		{F05C01A2-D814-4B7E-A378-81B6C47DFCAD}.Debug|x64.ActiveCfg = Debug|x64
		{F05C01A2-D814-4B7E-A378-81B6C47DFCAD}.Debug|x64.Build.0 = Debug|x64
		{F05C01A2-D814-4B7E-A378-81B6C47DFCAD}.Debug|x86.ActiveCfg = Debug|Win32
		{F05C01A2-D814-4B7E-A378-81B6C47DFCAD}.Debug|x86.Build.0 = Debug|Win32
		{F05C01A2-D814-4B7E-A378-81B6C47DFCAD}.Release|x64.ActiveCfg = Release|x64
		{F05C01A2-D814-4B7E-A378-81B6C47DFCAD}.Release|x64.Build.0 = Release|x64
		{F05C01A2-D814-4B7E-A378-81B6C47DFCAD}.Release|x86.ActiveCfg = Release|Win32
		{F05C01A2-D814-4B7E-A378-81B6C47DFCAD}.Release|x86.Build.0 = Release|Win32
		{928785CB-476A-4293-9BAC-14943B3C1396}.Debug|x64.ActiveCfg = Debug|x64
		{928785CB-476A-4293-9BAC-14943B3C1396}.Debug|x64.Build.0 = Debug|x64
		{928785CB-476A-4293-9BAC-14943B3C1396}.Debug|x86.ActiveCfg = Debug|Win32
		{928785CB-476A-4293-9BAC-14943B3C1396}.Debug|x86.Build.0 = Debug|Win32
		{928785CB-476A-4293-9BAC-14943B3C1396}.Release|x64.ActiveCfg = Release|x64
		{928785CB-476A-4293-9BAC-14943B3C1396}.Release|x64.Build.0 = Release|x64
		{928785CB-476A-4293-9BAC-14943B3C1396}.Release|x86.ActiveCfg = Release|Win32
		{928785CB-476A-4293-9BAC-14943B3C1396}.Release|x86.Build.0 = Release|Win32
		{838786F5-84AD-4833-B4C2-19D67BC157A1}.Debug|x64.ActiveCfg = Debug|x64
		{838786F5-84AD-4833-B4C2-19D67BC157A1}.Debug|x64.Build.0 = Debug|x64
		{838786F5-84AD-4833-B4C2-19D67BC157A1}.Debug|x86.ActiveCfg = Debug|Win32
		{838786F5-84AD-4833-B4C2-19D67BC157A1}.Debug|x86.Build.0 = Debug|Win32
		{838786F5-84AD-4833-B4C2-19D67BC157A1}.Release|x64.ActiveCfg = Release|x64
		{838786F5-84AD-4833-B4C2-19D67BC157A1}.Release|x64.Build.0 = Release|x64
		{838786F5-84AD-4833-B4C2-19D67BC157A1}.Release|x86.ActiveCfg = Release|Win32
		{838786F5-84AD-4833-B4C2-19D67BC157A1}.Release|x86.Build.0 = Release|Win32
		{869F7768-A39C-41ED-B4AE-5AF0F3FDDF6C}.Debug|x64.ActiveCfg = Debug|x64
		{869F7768-A39C-41ED-B4AE-5AF0F3FDDF6C}.Debug|x64.Build.0 = Debug|x64
		{869F7768-A39C-41ED-B4AE-5AF0F3FDDF6C}.Debug|x86.ActiveCfg = Debug|Win32
		{869F7768-A39C-41ED-B4AE-5AF0F3FDDF6C}.Debug|x86.Build.0 = Debug|Win32
		{869F7768-A39C-41ED-B4AE-5AF0F3FDDF6C}.Release|x64.ActiveCfg = Release|x64
		{869F7768-A39C-41ED-B4AE-5AF0F3FDDF6C}.Release|x64.Build.0 = Release|x64
		{869F7768-A39C-41ED-B4AE-5AF0F3FDDF6C}.Release|x86.ActiveCfg = Release|Win32
		{869F7768-A39C-41ED-B4AE-5AF0F3FDDF6C}.Release|x86.Build.0 = Release|Win32
		{D353319C-3B27-4CD2-BCDB-FA53F39601DC}.Debug|x64.ActiveCfg = Debug|x64
		{D353319C-3B27-4CD2-BCDB-FA53F39601DC}.Debug|x64.Build.0 = Debug|x64
		{D353319C-3B27-4CD2-BCDB-FA53F39601DC}.Debug|x86.ActiveCfg = Debug|Win32
		{D353319C-3B27-4CD2-BCDB-FA53F39601DC}.Debug|x86.Build.0 = Debug|Win32
		{D353319C-3B27-4CD2-BCDB-FA53F39601DC}.Release|x64.ActiveCfg = Release|x64
		{D353319C-3B27-4CD2-BCDB-FA53F39601DC}.Release|x64.Build.0 = Release|x64
		{D353319C-3B27-4CD2-BCDB-FA53F39601DC}.Release|x86.ActiveCfg = Release|Win32
		{D353319C-3B27-4CD2-BCDB-FA53F39601DC}.Release|x86.Build.0 = Release|Win32
		{617A2DB6-7518-4100-88EF-02ED9429F9E5}.Debug|x64.ActiveCfg = Debug|x64
		{617A2DB6-7518-4100-88EF-02ED9429F9E5}.Debug|x64.Build.0 = Debug|x64
		{617A2DB6-7518-4100-88EF-02ED9429F9E5}.Debug|x86.ActiveCfg = Debug|Win32
		{617A2DB6-7518-4100-88EF-02ED9429F9E5}.Debug|x86.Build.0 = Debug|Win32
		{617A2DB6-7518-4100-88EF-02ED9429F9E5}.Release|x64.ActiveCfg = Release|x64
		{617A2DB6-7518-4100-88EF-02ED9429F9E5}.Release|x64.Build.0 = Release|x64
		{617A2DB6-7518-4100-88EF-02ED9429F9E5}.Release|x86.ActiveCfg = Release|Win32
		{617A2DB6-7518-4100-88EF-02ED9429F9E5}.Release|x86.Build.0 = Release|Win32
		{9488FF4E-224C-4BC3-85DE-81F31426E099}.Debug|x64.ActiveCfg = Debug|x64
		{9488FF4E-224C-4BC3-85DE-81F31426E099}.Debug|x64.Build.0 = Debug|x64
		{9488FF4E-224C-4BC3-85DE-81F31426E099}.Debug|x86.ActiveCfg = Debug|Win32
		{9488FF4E-224C-4BC3-85DE-81F31426E099}.Debug|x86.Build.0 = Debug|Win32
		{9488FF4E-224C-4BC3-85DE-81F31426E099}.Release|x64.ActiveCfg = Release|x64
		{9488FF4E-224C-4BC3-85DE-81F31426E099}.Release|x64.Build.0 = Release|x64
		{9488FF4E-224C-4BC3-85DE-81F31426E099}.Release|x86.ActiveCfg = Release|Win32
		{9488FF4E-224C-4BC3-85DE-81F31426E099}.Release|x86.Build.0 = Release|Win32
	EndGlobalSection
	GlobalSection(SolutionProperties) = preSolution
		HideSolutionNode = FALSE
	EndGlobalSection
EndGlobal
